
Microsoft Visual Studio Solution File, Format Version 12.00
# Visual Studio Version 17
VisualStudioVersion = 17.4.33403.182
MinimumVisualStudioVersion = 10.0.40219.1
Project("{9A19103F-16F7-4668-BE54-9A1E7A4F7556}") = "Bloggie.Web", "Bloggie.Web\Bloggie.Web.csproj", "{AB9CE36E-B71C-4037-A849-09C138FC0F96}"
EndProject
Global
	GlobalSection(SolutionConfigurationPlatforms) = preSolution
		Debug|Any CPU = Debug|Any CPU
		Release|Any CPU = Release|Any CPU
	EndGlobalSection
	GlobalSection(ProjectConfigurationPlatforms) = postSolution
		{AB9CE36E-B71C-4037-A849-09C138FC0F96}.Debug|Any CPU.ActiveCfg = Debug|Any CPU
		{AB9CE36E-B71C-4037-A849-09C138FC0F96}.Debug|Any CPU.Build.0 = Debug|Any CPU
		{AB9CE36E-B71C-4037-A849-09C138FC0F96}.Release|Any CPU.ActiveCfg = Release|Any CPU
		{AB9CE36E-B71C-4037-A849-09C138FC0F96}.Release|Any CPU.Build.0 = Release|Any CPU
	EndGlobalSection
	GlobalSection(SolutionProperties) = preSolution
		HideSolutionNode = FALSE
	EndGlobalSection
	GlobalSection(ExtensibilityGlobals) = postSolution
		SolutionGuid = {C266A2C3-EE5F-42B3-A078-8D47AE8DB176}
	EndGlobalSection
EndGlobal
